
Microsoft Visual Studio Solution File, Format Version 12.00
# Visual Studio Version 17
VisualStudioVersion = 17.10.35027.167
MinimumVisualStudioVersion = 10.0.40219.1
Project("{FAE04EC0-301F-11D3-BF4B-00C04F79EFBC}") = "FTPManagement", "FTPManagement.csproj", "{7193C7A5-5837-428B-9DDD-EAF6DB861139}"
EndProject
Global
	GlobalSection(SolutionConfigurationPlatforms) = preSolution
		Debug|Any CPU = Debug|Any CPU
		Release|Any CPU = Release|Any CPU
	EndGlobalSection
	GlobalSection(ProjectConfigurationPlatforms) = postSolution
		{7193C7A5-5837-428B-9DDD-EAF6DB861139}.Debug|Any CPU.ActiveCfg = Debug|Any CPU
		{7193C7A5-5837-428B-9DDD-EAF6DB861139}.Debug|Any CPU.Build.0 = Debug|Any CPU
		{7193C7A5-5837-428B-9DDD-EAF6DB861139}.Release|Any CPU.ActiveCfg = Release|Any CPU
		{7193C7A5-5837-428B-9DDD-EAF6DB861139}.Release|Any CPU.Build.0 = Release|Any CPU
	EndGlobalSection
	GlobalSection(SolutionProperties) = preSolution
		HideSolutionNode = FALSE
	EndGlobalSection
	GlobalSection(ExtensibilityGlobals) = postSolution
		SolutionGuid = {97D1F336-1150-4CA2-BC0B-F06728C4BAEC}
	EndGlobalSection
EndGlobal
